
Microsoft Visual Studio Solution File, Format Version 12.00
# Visual Studio Version 16
VisualStudioVersion = 16.0.30804.86
MinimumVisualStudioVersion = 10.0.40219.1
Project("{FAE04EC0-301F-11D3-BF4B-00C04F79EFBC}") = "RestEasyApp.UWP", "RestEasyApp.UWP\RestEasyApp.UWP.csproj", "{3A85E475-CB42-4C0A-81FE-9C994B01BFFE}"
EndProject
Project("{FAE04EC0-301F-11D3-BF4B-00C04F79EFBC}") = "RestEasyApp.Android", "RestEasyApp.Android\RestEasyApp.Android.csproj", "{2D650C36-AC5D-4CF1-81A9-9D471FCDEBA5}"
EndProject
Project("{FAE04EC0-301F-11D3-BF4B-00C04F79EFBC}") = "RestEasyApp.iOS", "RestEasyApp.iOS\RestEasyApp.iOS.csproj", "{052CE4FD-4712-4D64-AC14-5474ED59B407}"
EndProject
Project("{FAE04EC0-301F-11D3-BF4B-00C04F79EFBC}") = "RestEasyApp", "RestEasyApp\RestEasyApp.csproj", "{6847DC98-F4A9-4FAF-B8E2-322E01573740}"
EndProject
Global
	GlobalSection(SolutionConfigurationPlatforms) = preSolution
		Debug|Any CPU = Debug|Any CPU
		Debug|ARM = Debug|ARM
		Debug|iPhone = Debug|iPhone
		Debug|iPhoneSimulator = Debug|iPhoneSimulator
		Debug|x64 = Debug|x64
		Debug|x86 = Debug|x86
		Release|Any CPU = Release|Any CPU
		Release|ARM = Release|ARM
		Release|iPhone = Release|iPhone
		Release|iPhoneSimulator = Release|iPhoneSimulator
		Release|x64 = Release|x64
		Release|x86 = Release|x86
	EndGlobalSection
	GlobalSection(ProjectConfigurationPlatforms) = postSolution
		{3A85E475-CB42-4C0A-81FE-9C994B01BFFE}.Debug|Any CPU.ActiveCfg = Debug|x86
		{3A85E475-CB42-4C0A-81FE-9C994B01BFFE}.Debug|Any CPU.Build.0 = Debug|x86
		{3A85E475-CB42-4C0A-81FE-9C994B01BFFE}.Debug|Any CPU.Deploy.0 = Debug|x86
		{3A85E475-CB42-4C0A-81FE-9C994B01BFFE}.Debug|ARM.ActiveCfg = Debug|ARM
		{3A85E475-CB42-4C0A-81FE-9C994B01BFFE}.Debug|ARM.Build.0 = Debug|ARM
		{3A85E475-CB42-4C0A-81FE-9C994B01BFFE}.Debug|ARM.Deploy.0 = Debug|ARM
		{3A85E475-CB42-4C0A-81FE-9C994B01BFFE}.Debug|iPhone.ActiveCfg = Debug|x86
		{3A85E475-CB42-4C0A-81FE-9C994B01BFFE}.Debug|iPhone.Build.0 = Debug|x86
		{3A85E475-CB42-4C0A-81FE-9C994B01BFFE}.Debug|iPhone.Deploy.0 = Debug|x86
		{3A85E475-CB42-4C0A-81FE-9C994B01BFFE}.Debug|iPhoneSimulator.ActiveCfg = Debug|x86
		{3A85E475-CB42-4C0A-81FE-9C994B01BFFE}.Debug|iPhoneSimulator.Build.0 = Debug|x86
		{3A85E475-CB42-4C0A-81FE-9C994B01BFFE}.Debug|iPhoneSimulator.Deploy.0 = Debug|x86
		{3A85E475-CB42-4C0A-81FE-9C994B01BFFE}.Debug|x64.ActiveCfg = Debug|x64
		{3A85E475-CB42-4C0A-81FE-9C994B01BFFE}.Debug|x64.Build.0 = Debug|x64
		{3A85E475-CB42-4C0A-81FE-9C994B01BFFE}.Debug|x64.Deploy.0 = Debug|x64
		{3A85E475-CB42-4C0A-81FE-9C994B01BFFE}.Debug|x86.ActiveCfg = Debug|x86
		{3A85E475-CB42-4C0A-81FE-9C994B01BFFE}.Debug|x86.Build.0 = Debug|x86
		{3A85E475-CB42-4C0A-81FE-9C994B01BFFE}.Debug|x86.Deploy.0 = Debug|x86
		{3A85E475-CB42-4C0A-81FE-9C994B01BFFE}.Release|Any CPU.ActiveCfg = Release|x86
		{3A85E475-CB42-4C0A-81FE-9C994B01BFFE}.Release|Any CPU.Build.0 = Release|x86
		{3A85E475-CB42-4C0A-81FE-9C994B01BFFE}.Release|Any CPU.Deploy.0 = Release|x86
		{3A85E475-CB42-4C0A-81FE-9C994B01BFFE}.Release|ARM.ActiveCfg = Release|ARM
		{3A85E475-CB42-4C0A-81FE-9C994B01BFFE}.Release|ARM.Build.0 = Release|ARM
		{3A85E475-CB42-4C0A-81FE-9C994B01BFFE}.Release|ARM.Deploy.0 = Release|ARM
		{3A85E475-CB42-4C0A-81FE-9C994B01BFFE}.Release|iPhone.ActiveCfg = Release|x86
		{3A85E475-CB42-4C0A-81FE-9C994B01BFFE}.Release|iPhone.Build.0 = Release|x86
		{3A85E475-CB42-4C0A-81FE-9C994B01BFFE}.Release|iPhone.Deploy.0 = Release|x86
		{3A85E475-CB42-4C0A-81FE-9C994B01BFFE}.Release|iPhoneSimulator.ActiveCfg = Release|x86
		{3A85E475-CB42-4C0A-81FE-9C994B01BFFE}.Release|iPhoneSimulator.Build.0 = Release|x86
		{3A85E475-CB42-4C0A-81FE-9C994B01BFFE}.Release|iPhoneSimulator.Deploy.0 = Release|x86
		{3A85E475-CB42-4C0A-81FE-9C994B01BFFE}.Release|x64.ActiveCfg = Release|x64
		{3A85E475-CB42-4C0A-81FE-9C994B01BFFE}.Release|x64.Build.0 = Release|x64
		{3A85E475-CB42-4C0A-81FE-9C994B01BFFE}.Release|x64.Deploy.0 = Release|x64
		{3A85E475-CB42-4C0A-81FE-9C994B01BFFE}.Release|x86.ActiveCfg = Release|x86
		{3A85E475-CB42-4C0A-81FE-9C994B01BFFE}.Release|x86.Build.0 = Release|x86
		{3A85E475-CB42-4C0A-81FE-9C994B01BFFE}.Release|x86.Deploy.0 = Release|x86
		{2D650C36-AC5D-4CF1-81A9-9D471FCDEBA5}.Debug|Any CPU.ActiveCfg = Debug|Any CPU
		{2D650C36-AC5D-4CF1-81A9-9D471FCDEBA5}.Debug|Any CPU.Build.0 = Debug|Any CPU
		{2D650C36-AC5D-4CF1-81A9-9D471FCDEBA5}.Debug|Any CPU.Deploy.0 = Debug|Any CPU
		{2D650C36-AC5D-4CF1-81A9-9D471FCDEBA5}.Debug|ARM.ActiveCfg = Debug|Any CPU
		{2D650C36-AC5D-4CF1-81A9-9D471FCDEBA5}.Debug|ARM.Build.0 = Debug|Any CPU
		{2D650C36-AC5D-4CF1-81A9-9D471FCDEBA5}.Debug|ARM.Deploy.0 = Debug|Any CPU
		{2D650C36-AC5D-4CF1-81A9-9D471FCDEBA5}.Debug|iPhone.ActiveCfg = Debug|Any CPU
		{2D650C36-AC5D-4CF1-81A9-9D471FCDEBA5}.Debug|iPhone.Build.0 = Debug|Any CPU
		{2D650C36-AC5D-4CF1-81A9-9D471FCDEBA5}.Debug|iPhone.Deploy.0 = Debug|Any CPU
		{2D650C36-AC5D-4CF1-81A9-9D471FCDEBA5}.Debug|iPhoneSimulator.ActiveCfg = Debug|Any CPU
		{2D650C36-AC5D-4CF1-81A9-9D471FCDEBA5}.Debug|iPhoneSimulator.Build.0 = Debug|Any CPU
		{2D650C36-AC5D-4CF1-81A9-9D471FCDEBA5}.Debug|iPhoneSimulator.Deploy.0 = Debug|Any CPU
		{2D650C36-AC5D-4CF1-81A9-9D471FCDEBA5}.Debug|x64.ActiveCfg = Debug|Any CPU
		{2D650C36-AC5D-4CF1-81A9-9D471FCDEBA5}.Debug|x64.Build.0 = Debug|Any CPU
		{2D650C36-AC5D-4CF1-81A9-9D471FCDEBA5}.Debug|x64.Deploy.0 = Debug|Any CPU
		{2D650C36-AC5D-4CF1-81A9-9D471FCDEBA5}.Debug|x86.ActiveCfg = Debug|Any CPU
		{2D650C36-AC5D-4CF1-81A9-9D471FCDEBA5}.Debug|x86.Build.0 = Debug|Any CPU
		{2D650C36-AC5D-4CF1-81A9-9D471FCDEBA5}.Debug|x86.Deploy.0 = Debug|Any CPU
		{2D650C36-AC5D-4CF1-81A9-9D471FCDEBA5}.Release|Any CPU.ActiveCfg = Release|Any CPU
		{2D650C36-AC5D-4CF1-81A9-9D471FCDEBA5}.Release|Any CPU.Build.0 = Release|Any CPU
		{2D650C36-AC5D-4CF1-81A9-9D471FCDEBA5}.Release|Any CPU.Deploy.0 = Release|Any CPU
		{2D650C36-AC5D-4CF1-81A9-9D471FCDEBA5}.Release|ARM.ActiveCfg = Release|Any CPU
		{2D650C36-AC5D-4CF1-81A9-9D471FCDEBA5}.Release|ARM.Build.0 = Release|Any CPU
		{2D650C36-AC5D-4CF1-81A9-9D471FCDEBA5}.Release|ARM.Deploy.0 = Release|Any CPU
		{2D650C36-AC5D-4CF1-81A9-9D471FCDEBA5}.Release|iPhone.ActiveCfg = Release|Any CPU
		{2D650C36-AC5D-4CF1-81A9-9D471FCDEBA5}.Release|iPhone.Build.0 = Release|Any CPU
		{2D650C36-AC5D-4CF1-81A9-9D471FCDEBA5}.Release|iPhone.Deploy.0 = Release|Any CPU
		{2D650C36-AC5D-4CF1-81A9-9D471FCDEBA5}.Release|iPhoneSimulator.ActiveCfg = Release|Any CPU
		{2D650C36-AC5D-4CF1-81A9-9D471FCDEBA5}.Release|iPhoneSimulator.Build.0 = Release|Any CPU
		{2D650C36-AC5D-4CF1-81A9-9D471FCDEBA5}.Release|iPhoneSimulator.Deploy.0 = Release|Any CPU
		{2D650C36-AC5D-4CF1-81A9-9D471FCDEBA5}.Release|x64.ActiveCfg = Release|Any CPU
		{2D650C36-AC5D-4CF1-81A9-9D471FCDEBA5}.Release|x64.Build.0 = Release|Any CPU
		{2D650C36-AC5D-4CF1-81A9-9D471FCDEBA5}.Release|x64.Deploy.0 = Release|Any CPU
		{2D650C36-AC5D-4CF1-81A9-9D471FCDEBA5}.Release|x86.ActiveCfg = Release|Any CPU
		{2D650C36-AC5D-4CF1-81A9-9D471FCDEBA5}.Release|x86.Build.0 = Release|Any CPU
		{2D650C36-AC5D-4CF1-81A9-9D471FCDEBA5}.Release|x86.Deploy.0 = Release|Any CPU
		{052CE4FD-4712-4D64-AC14-5474ED59B407}.Debug|Any CPU.ActiveCfg = Debug|iPhoneSimulator
		{052CE4FD-4712-4D64-AC14-5474ED59B407}.Debug|Any CPU.Build.0 = Debug|iPhoneSimulator
		{052CE4FD-4712-4D64-AC14-5474ED59B407}.Debug|Any CPU.Deploy.0 = Debug|iPhoneSimulator
		{052CE4FD-4712-4D64-AC14-5474ED59B407}.Debug|ARM.ActiveCfg = Debug|iPhone
		{052CE4FD-4712-4D64-AC14-5474ED59B407}.Debug|ARM.Build.0 = Debug|iPhone
		{052CE4FD-4712-4D64-AC14-5474ED59B407}.Debug|ARM.Deploy.0 = Debug|iPhone
		{052CE4FD-4712-4D64-AC14-5474ED59B407}.Debug|iPhone.ActiveCfg = Debug|iPhone
		{052CE4FD-4712-4D64-AC14-5474ED59B407}.Debug|iPhone.Build.0 = Debug|iPhone
		{052CE4FD-4712-4D64-AC14-5474ED59B407}.Debug|iPhone.Deploy.0 = Debug|iPhone
		{052CE4FD-4712-4D64-AC14-5474ED59B407}.Debug|iPhoneSimulator.ActiveCfg = Debug|iPhoneSimulator
		{052CE4FD-4712-4D64-AC14-5474ED59B407}.Debug|iPhoneSimulator.Build.0 = Debug|iPhoneSimulator
		{052CE4FD-4712-4D64-AC14-5474ED59B407}.Debug|iPhoneSimulator.Deploy.0 = Debug|iPhoneSimulator
		{052CE4FD-4712-4D64-AC14-5474ED59B407}.Debug|x64.ActiveCfg = Debug|iPhoneSimulator
		{052CE4FD-4712-4D64-AC14-5474ED59B407}.Debug|x64.Build.0 = Debug|iPhoneSimulator
		{052CE4FD-4712-4D64-AC14-5474ED59B407}.Debug|x64.Deploy.0 = Debug|iPhoneSimulator
		{052CE4FD-4712-4D64-AC14-5474ED59B407}.Debug|x86.ActiveCfg = Debug|iPhoneSimulator
		{052CE4FD-4712-4D64-AC14-5474ED59B407}.Debug|x86.Build.0 = Debug|iPhoneSimulator
		{052CE4FD-4712-4D64-AC14-5474ED59B407}.Debug|x86.Deploy.0 = Debug|iPhoneSimulator
		{052CE4FD-4712-4D64-AC14-5474ED59B407}.Release|Any CPU.ActiveCfg = Release|iPhoneSimulator
		{052CE4FD-4712-4D64-AC14-5474ED59B407}.Release|Any CPU.Build.0 = Release|iPhoneSimulator
		{052CE4FD-4712-4D64-AC14-5474ED59B407}.Release|Any CPU.Deploy.0 = Release|iPhoneSimulator
		{052CE4FD-4712-4D64-AC14-5474ED59B407}.Release|ARM.ActiveCfg = Release|iPhoneSimulator
		{052CE4FD-4712-4D64-AC14-5474ED59B407}.Release|ARM.Build.0 = Release|iPhoneSimulator
		{052CE4FD-4712-4D64-AC14-5474ED59B407}.Release|ARM.Deploy.0 = Release|iPhoneSimulator
		{052CE4FD-4712-4D64-AC14-5474ED59B407}.Release|iPhone.ActiveCfg = Release|iPhone
		{052CE4FD-4712-4D64-AC14-5474ED59B407}.Release|iPhone.Build.0 = Release|iPhone
		{052CE4FD-4712-4D64-AC14-5474ED59B407}.Release|iPhone.Deploy.0 = Release|iPhone
		{052CE4FD-4712-4D64-AC14-5474ED59B407}.Release|iPhoneSimulator.ActiveCfg = Release|iPhoneSimulator
		{052CE4FD-4712-4D64-AC14-5474ED59B407}.Release|iPhoneSimulator.Build.0 = Release|iPhoneSimulator
		{052CE4FD-4712-4D64-AC14-5474ED59B407}.Release|iPhoneSimulator.Deploy.0 = Release|iPhoneSimulator
		{052CE4FD-4712-4D64-AC14-5474ED59B407}.Release|x64.ActiveCfg = Release|iPhoneSimulator
		{052CE4FD-4712-4D64-AC14-5474ED59B407}.Release|x64.Build.0 = Release|iPhoneSimulator
		{052CE4FD-4712-4D64-AC14-5474ED59B407}.Release|x64.Deploy.0 = Release|iPhoneSimulator
		{052CE4FD-4712-4D64-AC14-5474ED59B407}.Release|x86.ActiveCfg = Release|iPhoneSimulator
		{052CE4FD-4712-4D64-AC14-5474ED59B407}.Release|x86.Build.0 = Release|iPhoneSimulator
		{052CE4FD-4712-4D64-AC14-5474ED59B407}.Release|x86.Deploy.0 = Release|iPhoneSimulator
		{6847DC98-F4A9-4FAF-B8E2-322E01573740}.Debug|Any CPU.ActiveCfg = Debug|Any CPU
		{6847DC98-F4A9-4FAF-B8E2-322E01573740}.Debug|Any CPU.Build.0 = Debug|Any CPU
		{6847DC98-F4A9-4FAF-B8E2-322E01573740}.Debug|Any CPU.Deploy.0 = Debug|Any CPU
		{6847DC98-F4A9-4FAF-B8E2-322E01573740}.Debug|ARM.ActiveCfg = Debug|Any CPU
		{6847DC98-F4A9-4FAF-B8E2-322E01573740}.Debug|ARM.Build.0 = Debug|Any CPU
		{6847DC98-F4A9-4FAF-B8E2-322E01573740}.Debug|ARM.Deploy.0 = Debug|Any CPU
		{6847DC98-F4A9-4FAF-B8E2-322E01573740}.Debug|iPhone.ActiveCfg = Debug|Any CPU
		{6847DC98-F4A9-4FAF-B8E2-322E01573740}.Debug|iPhone.Build.0 = Debug|Any CPU
		{6847DC98-F4A9-4FAF-B8E2-322E01573740}.Debug|iPhone.Deploy.0 = Debug|Any CPU
		{6847DC98-F4A9-4FAF-B8E2-322E01573740}.Debug|iPhoneSimulator.ActiveCfg = Debug|Any CPU
		{6847DC98-F4A9-4FAF-B8E2-322E01573740}.Debug|iPhoneSimulator.Build.0 = Debug|Any CPU
		{6847DC98-F4A9-4FAF-B8E2-322E01573740}.Debug|iPhoneSimulator.Deploy.0 = Debug|Any CPU
		{6847DC98-F4A9-4FAF-B8E2-322E01573740}.Debug|x64.ActiveCfg = Debug|Any CPU
		{6847DC98-F4A9-4FAF-B8E2-322E01573740}.Debug|x64.Build.0 = Debug|Any CPU
		{6847DC98-F4A9-4FAF-B8E2-322E01573740}.Debug|x64.Deploy.0 = Debug|Any CPU
		{6847DC98-F4A9-4FAF-B8E2-322E01573740}.Debug|x86.ActiveCfg = Debug|Any CPU
		{6847DC98-F4A9-4FAF-B8E2-322E01573740}.Debug|x86.Build.0 = Debug|Any CPU
		{6847DC98-F4A9-4FAF-B8E2-322E01573740}.Debug|x86.Deploy.0 = Debug|Any CPU
		{6847DC98-F4A9-4FAF-B8E2-322E01573740}.Release|Any CPU.ActiveCfg = Release|Any CPU
		{6847DC98-F4A9-4FAF-B8E2-322E01573740}.Release|Any CPU.Build.0 = Release|Any CPU
		{6847DC98-F4A9-4FAF-B8E2-322E01573740}.Release|Any CPU.Deploy.0 = Release|Any CPU
		{6847DC98-F4A9-4FAF-B8E2-322E01573740}.Release|ARM.ActiveCfg = Release|Any CPU
		{6847DC98-F4A9-4FAF-B8E2-322E01573740}.Release|ARM.Build.0 = Release|Any CPU
		{6847DC98-F4A9-4FAF-B8E2-322E01573740}.Release|ARM.Deploy.0 = Release|Any CPU
		{6847DC98-F4A9-4FAF-B8E2-322E01573740}.Release|iPhone.ActiveCfg = Release|Any CPU
		{6847DC98-F4A9-4FAF-B8E2-322E01573740}.Release|iPhone.Build.0 = Release|Any CPU
		{6847DC98-F4A9-4FAF-B8E2-322E01573740}.Release|iPhone.Deploy.0 = Release|Any CPU
		{6847DC98-F4A9-4FAF-B8E2-322E01573740}.Release|iPhoneSimulator.ActiveCfg = Release|Any CPU
		{6847DC98-F4A9-4FAF-B8E2-322E01573740}.Release|iPhoneSimulator.Build.0 = Release|Any CPU
		{6847DC98-F4A9-4FAF-B8E2-322E01573740}.Release|iPhoneSimulator.Deploy.0 = Release|Any CPU
		{6847DC98-F4A9-4FAF-B8E2-322E01573740}.Release|x64.ActiveCfg = Release|Any CPU
		{6847DC98-F4A9-4FAF-B8E2-322E01573740}.Release|x64.Build.0 = Release|Any CPU
		{6847DC98-F4A9-4FAF-B8E2-322E01573740}.Release|x64.Deploy.0 = Release|Any CPU
		{6847DC98-F4A9-4FAF-B8E2-322E01573740}.Release|x86.ActiveCfg = Release|Any CPU
		{6847DC98-F4A9-4FAF-B8E2-322E01573740}.Release|x86.Build.0 = Release|Any CPU
		{6847DC98-F4A9-4FAF-B8E2-322E01573740}.Release|x86.Deploy.0 = Release|Any CPU
	EndGlobalSection
	GlobalSection(SolutionProperties) = preSolution
		HideSolutionNode = FALSE
	EndGlobalSection
	GlobalSection(ExtensibilityGlobals) = postSolution
		SolutionGuid = {9A6E59AD-E54F-42F2-A9FB-2A3B1645D495}
	EndGlobalSection
EndGlobal
